
Microsoft Visual Studio Solution File, Format Version 12.00
# Visual Studio Version 17
VisualStudioVersion = 17.9.34728.123
MinimumVisualStudioVersion = 10.0.40219.1
Project("{FAE04EC0-301F-11D3-BF4B-00C04F79EFBC}") = "EticaretCanta", "EticaretCanta\EticaretCanta.csproj", "{74CF5F4B-5F46-4E0D-82C2-A49635D95B51}"
EndProject
Global
	GlobalSection(SolutionConfigurationPlatforms) = preSolution
		Debug|Any CPU = Debug|Any CPU
		Release|Any CPU = Release|Any CPU
	EndGlobalSection
	GlobalSection(ProjectConfigurationPlatforms) = postSolution
		{74CF5F4B-5F46-4E0D-82C2-A49635D95B51}.Debug|Any CPU.ActiveCfg = Debug|Any CPU
		{74CF5F4B-5F46-4E0D-82C2-A49635D95B51}.Debug|Any CPU.Build.0 = Debug|Any CPU
		{74CF5F4B-5F46-4E0D-82C2-A49635D95B51}.Release|Any CPU.ActiveCfg = Release|Any CPU
		{74CF5F4B-5F46-4E0D-82C2-A49635D95B51}.Release|Any CPU.Build.0 = Release|Any CPU
	EndGlobalSection
	GlobalSection(SolutionProperties) = preSolution
		HideSolutionNode = FALSE
	EndGlobalSection
	GlobalSection(ExtensibilityGlobals) = postSolution
		SolutionGuid = {93DB7CF1-1F75-422F-B87D-4C08C3EF5E0C}
	EndGlobalSection
EndGlobal
